
Microsoft Visual Studio Solution File, Format Version 12.00
# Visual Studio Version 17
VisualStudioVersion = 17.6.33829.357
MinimumVisualStudioVersion = 10.0.40219.1
Project("{FAE04EC0-301F-11D3-BF4B-00C04F79EFBC}") = "JukeBox", "JukeBox\JukeBox.csproj", "{4DCEDEC7-07DD-41B5-8C38-7AE4FFF773FC}"
EndProject
Global
	GlobalSection(SolutionConfigurationPlatforms) = preSolution
		Debug|Any CPU = Debug|Any CPU
		Release|Any CPU = Release|Any CPU
	EndGlobalSection
	GlobalSection(ProjectConfigurationPlatforms) = postSolution
		{4DCEDEC7-07DD-41B5-8C38-7AE4FFF773FC}.Debug|Any CPU.ActiveCfg = Debug|Any CPU
		{4DCEDEC7-07DD-41B5-8C38-7AE4FFF773FC}.Debug|Any CPU.Build.0 = Debug|Any CPU
		{4DCEDEC7-07DD-41B5-8C38-7AE4FFF773FC}.Release|Any CPU.ActiveCfg = Release|Any CPU
		{4DCEDEC7-07DD-41B5-8C38-7AE4FFF773FC}.Release|Any CPU.Build.0 = Release|Any CPU
	EndGlobalSection
	GlobalSection(SolutionProperties) = preSolution
		HideSolutionNode = FALSE
	EndGlobalSection
	GlobalSection(ExtensibilityGlobals) = postSolution
		SolutionGuid = {0BA37542-1898-4E82-B75D-F4F4D2ED7F8C}
	EndGlobalSection
EndGlobal
